{
  "name": "mop-code",
  "version": "1.0.0",
  "lockfileVersion": 3,
  "requires": true,
  "packages": {
    "": {
      "name": "mop-code",
      "version": "1.0.0",
      "license": "ISC",
      "dependencies": {
        "mop-code": "file:",
        "react": "^19.1.0",
        "react-dom": "^19.1.0"
      }
    },
    "node_modules/mop-code": {
      "resolved": "",
      "link": true
    },
    "node_modules/react": {
      "version": "19.1.0",
      "license": "MIT",
      "engines": {
        "node": ">=0.10.0"
      }
    },
    "node_modules/react-dom": {
      "version": "19.1.0",
      "license": "MIT",
      "dependencies": {
        "scheduler": "^0.26.0"
      },
      "peerDependencies": {
        "react": "^19.1.0"
      }
    },
    "node_modules/scheduler": {
      "version": "0.26.0",
      "license": "MIT"
    }
  }
}
